{
  "name": "atm",
  "version": "1.0.0",
  "lockfileVersion": 3,
  "requires": true,
  "packages": {
    "": {
      "name": "atm",
      "version": "1.0.0",
      "license": "MIT",
      "os": [
        "darwin",
        "linux",
        "win32"
      ],
      "bin": {
        "atm": "src/index.js"
      },
      "engines": {
        "node": ">=14.0.0"
      }
    }
  }
}
